
Microsoft Visual Studio Solution File, Format Version 12.00
# Visual Studio Version 17
VisualStudioVersion = 17.8.34525.116
MinimumVisualStudioVersion = 10.0.40219.1
Project("{FAE04EC0-301F-11D3-BF4B-00C04F79EFBC}") = "TP_Promo_Web_Equipo10B", "TP_Promo_Web_Equipo10B.csproj", "{8DBEEFA5-7620-442D-8E0B-1CB44D38D466}"
EndProject
Project("{FAE04EC0-301F-11D3-BF4B-00C04F79EFBC}") = "Dominio", "Dominio\Dominio.csproj", "{18E101E2-F2E3-4737-BCAB-1123796787F0}"
EndProject
Project("{FAE04EC0-301F-11D3-BF4B-00C04F79EFBC}") = "Negocio", "Negocio\Negocio.csproj", "{32A56DAE-0988-44F7-B0B8-ADF706EEAC45}"
EndProject
Global
	GlobalSection(SolutionConfigurationPlatforms) = preSolution
		Debug|Any CPU = Debug|Any CPU
		Release|Any CPU = Release|Any CPU
	EndGlobalSection
	GlobalSection(ProjectConfigurationPlatforms) = postSolution
		{8DBEEFA5-7620-442D-8E0B-1CB44D38D466}.Debug|Any CPU.ActiveCfg = Debug|Any CPU
		{8DBEEFA5-7620-442D-8E0B-1CB44D38D466}.Debug|Any CPU.Build.0 = Debug|Any CPU
		{8DBEEFA5-7620-442D-8E0B-1CB44D38D466}.Release|Any CPU.ActiveCfg = Release|Any CPU
		{8DBEEFA5-7620-442D-8E0B-1CB44D38D466}.Release|Any CPU.Build.0 = Release|Any CPU
		{18E101E2-F2E3-4737-BCAB-1123796787F0}.Debug|Any CPU.ActiveCfg = Debug|Any CPU
		{18E101E2-F2E3-4737-BCAB-1123796787F0}.Debug|Any CPU.Build.0 = Debug|Any CPU
		{18E101E2-F2E3-4737-BCAB-1123796787F0}.Release|Any CPU.ActiveCfg = Release|Any CPU
		{18E101E2-F2E3-4737-BCAB-1123796787F0}.Release|Any CPU.Build.0 = Release|Any CPU
		{32A56DAE-0988-44F7-B0B8-ADF706EEAC45}.Debug|Any CPU.ActiveCfg = Debug|Any CPU
		{32A56DAE-0988-44F7-B0B8-ADF706EEAC45}.Debug|Any CPU.Build.0 = Debug|Any CPU
		{32A56DAE-0988-44F7-B0B8-ADF706EEAC45}.Release|Any CPU.ActiveCfg = Release|Any CPU
		{32A56DAE-0988-44F7-B0B8-ADF706EEAC45}.Release|Any CPU.Build.0 = Release|Any CPU
	EndGlobalSection
	GlobalSection(SolutionProperties) = preSolution
		HideSolutionNode = FALSE
	EndGlobalSection
	GlobalSection(ExtensibilityGlobals) = postSolution
		SolutionGuid = {A2E3E7AB-D225-47EB-BF4D-DA88B855821A}
	EndGlobalSection
EndGlobal
